
Microsoft Visual Studio Solution File, Format Version 12.00
# Visual Studio Version 17
VisualStudioVersion = 17.2.32505.173
MinimumVisualStudioVersion = 10.0.40219.1
Project("{2150E333-8FDC-42A3-9474-1A3956D46DE8}") = "src", "src", "{116A95AB-2272-4514-B9EF-CC235E2FC116}"
EndProject
Project("{9A19103F-16F7-4668-BE54-9A1E7A4F7556}") = "PeopleManagerUI", "src\PeopleManagerUI\PeopleManagerUI.csproj", "{D80840E9-691F-4C41-AE37-F6677637BD37}"
EndProject
Project("{9A19103F-16F7-4668-BE54-9A1E7A4F7556}") = "Application", "src\Application\Application.csproj", "{97AD070B-21E2-4522-B27D-3E73D986B706}"
EndProject
Project("{9A19103F-16F7-4668-BE54-9A1E7A4F7556}") = "Domain", "src\Domain\Domain.csproj", "{FFFAC7A5-FF88-4161-816B-C78FCCD211D7}"
EndProject
Project("{9A19103F-16F7-4668-BE54-9A1E7A4F7556}") = "Infrastructure", "src\Infrastructure\Infrastructure.csproj", "{A19E5E16-D50E-452F-A2A6-8470502B58F5}"
EndProject
Project("{2150E333-8FDC-42A3-9474-1A3956D46DE8}") = "tests", "tests", "{7DC3E839-0EC9-46A1-BD1C-8FCE3159D042}"
EndProject
Project("{FAE04EC0-301F-11D3-BF4B-00C04F79EFBC}") = "Application.IntegrationTests", "tests\Application.IntegrationTests\Application.IntegrationTests.csproj", "{8C41BCFC-D383-416D-BE95-B10F091B3037}"
EndProject
Project("{FAE04EC0-301F-11D3-BF4B-00C04F79EFBC}") = "Application.UnitTests", "tests\Application.UnitTests\Application.UnitTests.csproj", "{B5C6384E-C3A8-49C4-94AB-FFA656A419CE}"
EndProject
Global
	GlobalSection(SolutionConfigurationPlatforms) = preSolution
		Debug|Any CPU = Debug|Any CPU
		Release|Any CPU = Release|Any CPU
	EndGlobalSection
	GlobalSection(ProjectConfigurationPlatforms) = postSolution
		{D80840E9-691F-4C41-AE37-F6677637BD37}.Debug|Any CPU.ActiveCfg = Debug|Any CPU
		{D80840E9-691F-4C41-AE37-F6677637BD37}.Debug|Any CPU.Build.0 = Debug|Any CPU
		{D80840E9-691F-4C41-AE37-F6677637BD37}.Release|Any CPU.ActiveCfg = Release|Any CPU
		{D80840E9-691F-4C41-AE37-F6677637BD37}.Release|Any CPU.Build.0 = Release|Any CPU
		{97AD070B-21E2-4522-B27D-3E73D986B706}.Debug|Any CPU.ActiveCfg = Debug|Any CPU
		{97AD070B-21E2-4522-B27D-3E73D986B706}.Debug|Any CPU.Build.0 = Debug|Any CPU
		{97AD070B-21E2-4522-B27D-3E73D986B706}.Release|Any CPU.ActiveCfg = Release|Any CPU
		{97AD070B-21E2-4522-B27D-3E73D986B706}.Release|Any CPU.Build.0 = Release|Any CPU
		{FFFAC7A5-FF88-4161-816B-C78FCCD211D7}.Debug|Any CPU.ActiveCfg = Debug|Any CPU
		{FFFAC7A5-FF88-4161-816B-C78FCCD211D7}.Debug|Any CPU.Build.0 = Debug|Any CPU
		{FFFAC7A5-FF88-4161-816B-C78FCCD211D7}.Release|Any CPU.ActiveCfg = Release|Any CPU
		{FFFAC7A5-FF88-4161-816B-C78FCCD211D7}.Release|Any CPU.Build.0 = Release|Any CPU
		{A19E5E16-D50E-452F-A2A6-8470502B58F5}.Debug|Any CPU.ActiveCfg = Debug|Any CPU
		{A19E5E16-D50E-452F-A2A6-8470502B58F5}.Debug|Any CPU.Build.0 = Debug|Any CPU
		{A19E5E16-D50E-452F-A2A6-8470502B58F5}.Release|Any CPU.ActiveCfg = Release|Any CPU
		{A19E5E16-D50E-452F-A2A6-8470502B58F5}.Release|Any CPU.Build.0 = Release|Any CPU
		{8C41BCFC-D383-416D-BE95-B10F091B3037}.Debug|Any CPU.ActiveCfg = Debug|Any CPU
		{8C41BCFC-D383-416D-BE95-B10F091B3037}.Debug|Any CPU.Build.0 = Debug|Any CPU
		{8C41BCFC-D383-416D-BE95-B10F091B3037}.Release|Any CPU.ActiveCfg = Release|Any CPU
		{8C41BCFC-D383-416D-BE95-B10F091B3037}.Release|Any CPU.Build.0 = Release|Any CPU
		{B5C6384E-C3A8-49C4-94AB-FFA656A419CE}.Debug|Any CPU.ActiveCfg = Debug|Any CPU
		{B5C6384E-C3A8-49C4-94AB-FFA656A419CE}.Debug|Any CPU.Build.0 = Debug|Any CPU
		{B5C6384E-C3A8-49C4-94AB-FFA656A419CE}.Release|Any CPU.ActiveCfg = Release|Any CPU
		{B5C6384E-C3A8-49C4-94AB-FFA656A419CE}.Release|Any CPU.Build.0 = Release|Any CPU
	EndGlobalSection
	GlobalSection(SolutionProperties) = preSolution
		HideSolutionNode = FALSE
	EndGlobalSection
	GlobalSection(NestedProjects) = preSolution
		{D80840E9-691F-4C41-AE37-F6677637BD37} = {116A95AB-2272-4514-B9EF-CC235E2FC116}
		{97AD070B-21E2-4522-B27D-3E73D986B706} = {116A95AB-2272-4514-B9EF-CC235E2FC116}
		{FFFAC7A5-FF88-4161-816B-C78FCCD211D7} = {116A95AB-2272-4514-B9EF-CC235E2FC116}
		{A19E5E16-D50E-452F-A2A6-8470502B58F5} = {116A95AB-2272-4514-B9EF-CC235E2FC116}
		{8C41BCFC-D383-416D-BE95-B10F091B3037} = {7DC3E839-0EC9-46A1-BD1C-8FCE3159D042}
		{B5C6384E-C3A8-49C4-94AB-FFA656A419CE} = {7DC3E839-0EC9-46A1-BD1C-8FCE3159D042}
	EndGlobalSection
	GlobalSection(ExtensibilityGlobals) = postSolution
		SolutionGuid = {7CADD4A6-FCBA-42CF-9792-77F736D1E3E2}
	EndGlobalSection
EndGlobal
